{
  "requires": true,
  "lockfileVersion": 1,
  "dependencies": {
    "@types/color-name": {
      "version": "1.1.1",
      "resolved": "https://registry.npmjs.org/@types/color-name/-/color-name-1.1.1.tgz",
      "integrity": "sha512-rr+OQyAjxze7GgWrSaJwydHStIhHq2lvY3BOC2Mj7KnzI7XK0Uw1TOOdI9lDoajEbSWLiYgoo4f1R51erQfhPQ=="
    },
    "ansi-styles": {
      "version": "4.2.1",
      "resolved": "https://registry.npmjs.org/ansi-styles/-/ansi-styles-4.2.1.tgz",
      "integrity": "sha512-9VGjrMsG1vePxcSweQsN20KY/c4zN0h9fLjqAbwbPfahM3t+NL+M9HC8xeXG2I8pX5NoamTGNuomEUFI7fcUjA==",
      "requires": {
        "@types/color-name": "^1.1.1",
        "color-convert": "^2.0.1"
      }
    },
    "camel-case": {
      "version": "4.1.1",
      "resolved": "https://registry.npmjs.org/camel-case/-/camel-case-4.1.1.tgz",
      "integrity": "sha512-7fa2WcG4fYFkclIvEmxBbTvmibwF2/agfEBc6q3lOpVu0A13ltLsA+Hr/8Hp6kp5f+G7hKi6t8lys6XxP+1K6Q==",
      "requires": {
        "pascal-case": "^3.1.1",
        "tslib": "^1.10.0"
      }
    },
    "chalk": {
      "version": "3.0.0",
      "resolved": "https://registry.npmjs.org/chalk/-/chalk-3.0.0.tgz",
      "integrity": "sha512-4D3B6Wf41KOYRFdszmDqMCGq5VV/uMAB273JILmO+3jAlh8X4qDtdtgCR3fxtbLEMzSx22QdhnDcJvu2u1fVwg==",
      "requires": {
        "ansi-styles": "^4.1.0",
        "supports-color": "^7.1.0"
      }
    },
    "color-convert": {
      "version": "2.0.1",
      "resolved": "https://registry.npmjs.org/color-convert/-/color-convert-2.0.1.tgz",
      "integrity": "sha512-RRECPsj7iu/xb5oKYcsFHSppFNnsj/52OVTRKb4zP5onXwVF3zVmmToNcOfGC+CRDpfK/U584fMg38ZHCaElKQ==",
      "requires": {
        "color-name": "~1.1.4"
      }
    },
    "color-name": {
      "version": "1.1.4",
      "resolved": "https://registry.npmjs.org/color-name/-/color-name-1.1.4.tgz",
      "integrity": "sha512-dOy+3AuW3a2wNbZHIuMZpTcgjGuLU/uBL/ubcZF9OXbDo8ff4O8yVp5Bf0efS8uEoYo5q4Fx7dY9OgQGXgAsQA=="
    },
    "eruda": {
      "version": "2.3.3",
      "resolved": "https://registry.npmjs.org/eruda/-/eruda-2.3.3.tgz",
      "integrity": "sha512-ZC3PzJxDYER0fEW33Brmn8f+xIO+m+Hn9wJBjxj7+WN66hRElqfTfMafsAL97E5RYFGZ40xY0TxaKbg8pp68Tg=="
    },
    "eruda-benchmark": {
      "version": "2.0.0",
      "resolved": "https://registry.npmjs.org/eruda-benchmark/-/eruda-benchmark-2.0.0.tgz",
      "integrity": "sha512-gZiPYve2Qpwl26oZ7guwz8nG0SSxQYg8yFYVpU/ZGmCawTwI/ABnfIrh2t4Gl0dDUPClT8p5MVOlTHv3B7j1EQ=="
    },
    "eruda-code": {
      "version": "2.0.0",
      "resolved": "https://registry.npmjs.org/eruda-code/-/eruda-code-2.0.0.tgz",
      "integrity": "sha512-wIFfsbncCLaK7dawJMg8cP1dE7+5gEfNt202P6jJ+xB6O2atP+YdgJIuC1S4kHyNNpYFWrtDkinn50hILPxDdA=="
    },
    "eruda-dom": {
      "version": "2.0.0",
      "resolved": "https://registry.npmjs.org/eruda-dom/-/eruda-dom-2.0.0.tgz",
      "integrity": "sha512-aVsfmHow+LwInEBvn57WY5vQLNL9uJ8goV6mKTazhOWweI1h/XyqvNt1ojZjQvLM66kWDTgUNuugrP3k6KWDyw=="
    },
    "eruda-features": {
      "version": "2.0.0",
      "resolved": "https://registry.npmjs.org/eruda-features/-/eruda-features-2.0.0.tgz",
      "integrity": "sha512-giwAIV2tgc1+vuuid06juc+3+SrLFxXE1It7RGkfhctC9fEH/UhSiTcvyiKcAbZ6IRSEPyP+cQe/RTipoEcetQ=="
    },
    "eruda-fps": {
      "version": "2.0.0",
      "resolved": "https://registry.npmjs.org/eruda-fps/-/eruda-fps-2.0.0.tgz",
      "integrity": "sha512-7IkkU3VUs5+cSNpP9U6avrt9LThN/HsK79n9BE6lPvdxnEGqE9doJkcCZNE2AjIp0ZSgrNNXhPP8tTk7B5mdFw=="
    },
    "eruda-geolocation": {
      "version": "2.0.0",
      "resolved": "https://registry.npmjs.org/eruda-geolocation/-/eruda-geolocation-2.0.0.tgz",
      "integrity": "sha512-V8bF3rt4W4re9KnJLmVBdi2xNhF65S1rPiiyKmGv7IxXNvW70byuAbSqzmvrqv4gHpcU4vpjh2yiAKYfbbmwog=="
    },
    "eruda-memory": {
      "version": "2.0.0",
      "resolved": "https://registry.npmjs.org/eruda-memory/-/eruda-memory-2.0.0.tgz",
      "integrity": "sha512-8k4NgirY5eLmz6fNdyrQ2dSn1Mq+Rg7d799+ha/J7OnDoz7F3WtnElSu2dhgxBCpjv4BzmYGTIyc85sWmdmy9A=="
    },
    "eruda-orientation": {
      "version": "2.0.0",
      "resolved": "https://registry.npmjs.org/eruda-orientation/-/eruda-orientation-2.0.0.tgz",
      "integrity": "sha512-4WO2YJzLxQV4fzMQiEYtRUWF2ewwm5DjPMJfv1MzujZRwbohWdJmIxklBF9BGp6kgY2l6Dxto5NHwW64syR7XQ=="
    },
    "eruda-timing": {
      "version": "2.0.0",
      "resolved": "https://registry.npmjs.org/eruda-timing/-/eruda-timing-2.0.0.tgz",
      "integrity": "sha512-MXmnS7bNgWahGY/TayagFj6Uqs5g3z+pSX1QtcHjI+uRGHNkBf9P3XC4mV6o5ZAyqKM0xS4dJnGUbvNUBNRuFQ=="
    },
    "eruda-touches": {
      "version": "2.0.0",
      "resolved": "https://registry.npmjs.org/eruda-touches/-/eruda-touches-2.0.0.tgz",
      "integrity": "sha512-Qq5fXk6d1BbCBBa7FCjNhJ1iizSoyXL2ivsoVhrn8Zw9uj02iQTwfl+wiXaBsAI187JnY0Oqc4RGRejgH8jNLg=="
    },
    "fs-extra": {
      "version": "8.1.0",
      "resolved": "https://registry.npmjs.org/fs-extra/-/fs-extra-8.1.0.tgz",
      "integrity": "sha512-yhlQgA6mnOJUKOsRUFsgJdQCvkKhcz8tlZG5HBQfReYZy46OwLcY+Zia0mtdHsOo9y/hP+CxMN0TU9QxoOtG4g==",
      "requires": {
        "graceful-fs": "^4.2.0",
        "jsonfile": "^4.0.0",
        "universalify": "^0.1.0"
      }
    },
    "graceful-fs": {
      "version": "4.2.4",
      "resolved": "https://registry.npmjs.org/graceful-fs/-/graceful-fs-4.2.4.tgz",
      "integrity": "sha512-WjKPNJF79dtJAVniUlGGWHYGz2jWxT6VhN/4m1NdkbZ2nOsEF+cI1Edgql5zCRhs/VsQYRvrXctxktVXZUkixw=="
    },
    "has-flag": {
      "version": "4.0.0",
      "resolved": "https://registry.npmjs.org/has-flag/-/has-flag-4.0.0.tgz",
      "integrity": "sha512-EykJT/Q1KjTWctppgIAgfSO0tKVuZUjhgMr17kqTumMl6Afv3EISleU7qZUzoXDFTAHTDC4NOoG/ZxU3EvlMPQ=="
    },
    "jsonfile": {
      "version": "4.0.0",
      "resolved": "https://registry.npmjs.org/jsonfile/-/jsonfile-4.0.0.tgz",
      "integrity": "sha1-h3Gq4HmbZAdrdmQPygWPnBDjPss=",
      "requires": {
        "graceful-fs": "^4.1.6"
      }
    },
    "list.js": {
      "version": "2.3.1",
      "resolved": "https://registry.npmjs.org/list.js/-/list.js-2.3.1.tgz",
      "integrity": "sha512-jnmm7DYpKtH3DxtO1E2VNCC9Gp7Wrp/FWA2JxQrZUhVJ2RCQBd57pCN6W5w6jpsfWZV0PCAbTX2NOPgyFeeZZg==",
      "requires": {
        "string-natural-compare": "^2.0.2"
      }
    },
    "lower-case": {
      "version": "2.0.1",
      "resolved": "https://registry.npmjs.org/lower-case/-/lower-case-2.0.1.tgz",
      "integrity": "sha512-LiWgfDLLb1dwbFQZsSglpRj+1ctGnayXz3Uv0/WO8n558JycT5fg6zkNcnW0G68Nn0aEldTFeEfmjCfmqry/rQ==",
      "requires": {
        "tslib": "^1.10.0"
      }
    },
    "no-case": {
      "version": "3.0.3",
      "resolved": "https://registry.npmjs.org/no-case/-/no-case-3.0.3.tgz",
      "integrity": "sha512-ehY/mVQCf9BL0gKfsJBvFJen+1V//U+0HQMPrWct40ixE4jnv0bfvxDbWtAHL9EcaPEOJHVVYKoQn1TlZUB8Tw==",
      "requires": {
        "lower-case": "^2.0.1",
        "tslib": "^1.10.0"
      }
    },
    "pascal-case": {
      "version": "3.1.1",
      "resolved": "https://registry.npmjs.org/pascal-case/-/pascal-case-3.1.1.tgz",
      "integrity": "sha512-XIeHKqIrsquVTQL2crjq3NfJUxmdLasn3TYOU0VBM+UX2a6ztAWBlJQBePLGY7VHW8+2dRadeIPK5+KImwTxQA==",
      "requires": {
        "no-case": "^3.0.3",
        "tslib": "^1.10.0"
      }
    },
    "string-natural-compare": {
      "version": "2.0.3",
      "resolved": "https://registry.npmjs.org/string-natural-compare/-/string-natural-compare-2.0.3.tgz",
      "integrity": "sha512-4Kcl12rNjc+6EKhY8QyDVuQTAlMWwRiNbsxnVwBUKFr7dYPQuXVrtNU4sEkjF9LHY0AY6uVbB3ktbkIH4LC+BQ=="
    },
    "supports-color": {
      "version": "7.2.0",
      "resolved": "https://registry.npmjs.org/supports-color/-/supports-color-7.2.0.tgz",
      "integrity": "sha512-qpCAvRl9stuOHveKsn7HncJRvv501qIacKzQlO/+Lwxc9+0q2wLyv4Dfvt80/DPn2pqOBsJdDiogXGR9+OvwRw==",
      "requires": {
        "has-flag": "^4.0.0"
      }
    },
    "tslib": {
      "version": "1.13.0",
      "resolved": "https://registry.npmjs.org/tslib/-/tslib-1.13.0.tgz",
      "integrity": "sha512-i/6DQjL8Xf3be4K/E6Wgpekn5Qasl1usyw++dAA35Ue5orEn65VIxOA+YvNNl9HV3qv70T7CNwjODHZrLwvd1Q=="
    },
    "universalify": {
      "version": "0.1.2",
      "resolved": "https://registry.npmjs.org/universalify/-/universalify-0.1.2.tgz",
      "integrity": "sha512-rBJeI5CXAlmy1pV+617WB9J63U6XcazHHF2f2dbJix4XzpUF0RS3Zbj0FGIOCAva5P/d/GBOYaACQ1w+0azUkg=="
    },
    "vue-cli-plugin-eruda": {
      "version": "1.1.1",
      "resolved": "https://registry.npmjs.org/vue-cli-plugin-eruda/-/vue-cli-plugin-eruda-1.1.1.tgz",
      "integrity": "sha512-uFdXsnxIw0fb/PGosIR3pqIIUIZQ80x+f6bCu1E2jVHQC2pFauz+CLbP238VNDFecNBxD8IYwq0UiSev5YAB5Q==",
      "requires": {
        "camel-case": "^4.1.1",
        "chalk": "^3.0.0",
        "eruda": "^2.0.2",
        "eruda-benchmark": "^2.0.0",
        "eruda-code": "^2.0.0",
        "eruda-dom": "^2.0.0",
        "eruda-features": "^2.0.0",
        "eruda-fps": "^2.0.0",
        "eruda-geolocation": "^2.0.0",
        "eruda-memory": "^2.0.0",
        "eruda-orientation": "^2.0.0",
        "eruda-timing": "^2.0.0",
        "eruda-touches": "^2.0.0",
        "fs-extra": "^8.1.0"
      }
    }
  }
}
